PODS:
  - Flutter (1.0.0)
  - flutter_secure_storage (6.0.0):
    - Flutter
  - libphonenumber_plugin (0.0.1):
    - Flutter
    - PhoneNumberKit
  - MTBBarcodeScanner (5.0.11)
  - path_provider_foundation (0.0.1):
    - Flutter
    - FlutterMacOS
  - PhoneNumberKit (3.7.6):
    - PhoneNumberKit/PhoneNumberKitCore (= 3.7.6)
    - PhoneNumberKit/UIKit (= 3.7.6)
  - PhoneNumberKit/PhoneNumberKitCore (3.7.6)
  - PhoneNumberKit/UIKit (3.7.6):
    - PhoneNumberKit/PhoneNumberKitCore
  - qr_code_scanner (0.2.0):
    - Flutter
    - MTBBarcodeScanner
  - spintly_oauth_sdk_plugin (0.0.1):
    - Flutter

DEPENDENCIES:
  - Flutter (from `Flutter`)
  - flutter_secure_storage (from `.symlinks/plugins/flutter_secure_storage/ios`)
  - libphonenumber_plugin (from `.symlinks/plugins/libphonenumber_plugin/ios`)
  - path_provider_foundation (from `.symlinks/plugins/path_provider_foundation/darwin`)
  - qr_code_scanner (from `.symlinks/plugins/qr_code_scanner/ios`)
  - spintly_oauth_sdk_plugin (from `.symlinks/plugins/spintly_oauth_sdk_plugin/ios`)

SPEC REPOS:
  trunk:
    - MTBBarcodeScanner
    - PhoneNumberKit

EXTERNAL SOURCES:
  Flutter:
    :path: Flutter
  flutter_secure_storage:
    :path: ".symlinks/plugins/flutter_secure_storage/ios"
  libphonenumber_plugin:
    :path: ".symlinks/plugins/libphonenumber_plugin/ios"
  path_provider_foundation:
    :path: ".symlinks/plugins/path_provider_foundation/darwin"
  qr_code_scanner:
    :path: ".symlinks/plugins/qr_code_scanner/ios"
  spintly_oauth_sdk_plugin:
    :path: ".symlinks/plugins/spintly_oauth_sdk_plugin/ios"

SPEC CHECKSUMS:
  Flutter: f04841e97a9d0b0a8025694d0796dd46242b2854
  flutter_secure_storage: 23fc622d89d073675f2eaa109381aefbcf5a49be
  libphonenumber_plugin: 48bf4078546377eedaab4aa54978cd0f6fa23072
  MTBBarcodeScanner: f453b33c4b7dfe545d8c6484ed744d55671788cb
  path_provider_foundation: 29f094ae23ebbca9d3d0cec13889cd9060c0e943
  PhoneNumberKit: 3c68a822bad955ffcefc72a52df72b6596498555
  qr_code_scanner: bb67d64904c3b9658ada8c402e8b4d406d5d796e
  spintly_oauth_sdk_plugin: 4612d64e8caebfbbfa9c6616bb8710e3c18df251

PODFILE CHECKSUM: 351dbda8241c6ae667acbc7bc0353a0d9978d7f1

COCOAPODS: 1.14.3
